
Microsoft Visual Studio Solution File, Format Version 12.00
# Visual Studio Version 17
VisualStudioVersion = 17.12.35527.113 d17.12
MinimumVisualStudioVersion = 10.0.40219.1
Project("{FAE04EC0-301F-11D3-BF4B-00C04F79EFBC}") = "Procesamiento de archivos", "Procesamiento de archivos\Procesamiento de archivos.csproj", "{DEE8549F-B7CE-4359-B973-F2E0762C9550}"
EndProject
Global
	GlobalSection(SolutionConfigurationPlatforms) = preSolution
		Debug|Any CPU = Debug|Any CPU
		Release|Any CPU = Release|Any CPU
	EndGlobalSection
	GlobalSection(ProjectConfigurationPlatforms) = postSolution
		{DEE8549F-B7CE-4359-B973-F2E0762C9550}.Debug|Any CPU.ActiveCfg = Debug|Any CPU
		{DEE8549F-B7CE-4359-B973-F2E0762C9550}.Debug|Any CPU.Build.0 = Debug|Any CPU
		{DEE8549F-B7CE-4359-B973-F2E0762C9550}.Release|Any CPU.ActiveCfg = Release|Any CPU
		{DEE8549F-B7CE-4359-B973-F2E0762C9550}.Release|Any CPU.Build.0 = Release|Any CPU
	EndGlobalSection
	GlobalSection(SolutionProperties) = preSolution
		HideSolutionNode = FALSE
	EndGlobalSection
EndGlobal
